// !$*UTF8*$!
{
	archiveVersion = 1;
	classes = {
	};
	objectVersion = 50;
	objects = {

/* Begin PBXBuildFile section */
		EA0AEB8B23F1C7470019A073 /* AppDelegate.swift in Sources */ = {isa = PBXBuildFile; fileRef = EA0AEB8A23F1C7470019A073 /* AppDelegate.swift */; };
		EA0AEB8D23F1C7470019A073 /* SceneDelegate.swift in Sources */ = {isa = PBXBuildFile; fileRef = EA0AEB8C23F1C7470019A073 /* SceneDelegate.swift */; };
		EA0AEB8F23F1C7470019A073 /* ViewController.swift in Sources */ = {isa = PBXBuildFile; fileRef = EA0AEB8E23F1C7470019A073 /* ViewController.swift */; };
		EA0AEB9523F1C7470019A073 /* ARKit_Game.xcdatamodeld in Sources */ = {isa = PBXBuildFile; fileRef = EA0AEB9323F1C7470019A073 /* ARKit_Game.xcdatamodeld */; };
		EA0AEB9723F1C74B0019A073 /* Assets.xcassets in Resources */ = {isa = PBXBuildFile; fileRef = EA0AEB9623F1C74B0019A073 /* Assets.xcassets */; };
		EA0AEB9A23F1C74B0019A073 /* LaunchScreen.storyboard in Resources */ = {isa = PBXBuildFile; fileRef = EA0AEB9823F1C74B0019A073 /* LaunchScreen.storyboard */; };
		EA0AEBA223F1D8420019A073 /* toy_biplane.usdz in Resources */ = {isa = PBXBuildFile; fileRef = EA0AEBA123F1D8420019A073 /* toy_biplane.usdz */; };
		EA0AEBA423F1D89B0019A073 /* Plane.swift in Sources */ = {isa = PBXBuildFile; fileRef = EA0AEBA323F1D89B0019A073 /* Plane.swift */; };
/* End PBXBuildFile section */

/* Begin PBXFileReference section */
		EA0AEB8723F1C7470019A073 /* ARKit Game.app */ = {isa = PBXFileReference; explicitFileType = wrapper.application; includeInIndex = 0; path = "ARKit Game.app"; sourceTree = BUILT_PRODUCTS_DIR; };
		EA0AEB8A23F1C7470019A073 /* AppDelegate.swift */ = {isa = PBXFileReference; lastKnownFileType = sourcecode.swift; path = AppDelegate.swift; sourceTree = "<group>"; };
		EA0AEB8C23F1C7470019A073 /* SceneDelegate.swift */ = {isa = PBXFileReference; lastKnownFileType = sourcecode.swift; path = SceneDelegate.swift; sourceTree = "<group>"; };
		EA0AEB8E23F1C7470019A073 /* ViewController.swift */ = {isa = PBXFileReference; lastKnownFileType = sourcecode.swift; path = ViewController.swift; sourceTree = "<group>"; };
		EA0AEB9423F1C7470019A073 /* ARKit_Game.xcdatamodel */ = {isa = PBXFileReference; lastKnownFileType = wrapper.xcdatamodel; path = ARKit_Game.xcdatamodel; sourceTree = "<group>"; };
		EA0AEB9623F1C74B0019A073 /* Assets.xcassets */ = {isa = PBXFileReference; lastKnownFileType = folder.assetcatalog; path = Assets.xcassets; sourceTree = "<group>"; };
		EA0AEB9923F1C74B0019A073 /* Base */ = {isa = PBXFileReference; lastKnownFileType = file.storyboard; name = Base; path = Base.lproj/LaunchScreen.storyboard; sourceTree = "<group>"; };
		EA0AEB9B23F1C74B0019A073 /* Info.plist */ = {isa = PBXFileReference; lastKnownFileType = text.plist.xml; path = Info.plist; sourceTree = "<group>"; };
		EA0AEBA123F1D8420019A073 /* toy_biplane.usdz */ = {isa = PBXFileReference; lastKnownFileType = file.usdz; path = toy_biplane.usdz; sourceTree = "<group>"; };
		EA0AEBA323F1D89B0019A073 /* Plane.swift */ = {isa = PBXFileReference; lastKnownFileType = sourcecode.swift; path = Plane.swift; sourceTree = "<group>"; };
/* End PBXFileReference section */

/* Begin PBXFrameworksBuildPhase section */
		EA0AEB8423F1C7470019A073 /* Frameworks */ = {
			isa = PBXFrameworksBuildPhase;
			buildActionMask = 2147483647;
			files = (
			);
			runOnlyForDeploymentPostprocessing = 0;
		};
/* End PBXFrameworksBuildPhase section */

/* Begin PBXGroup section */
		EA0AEB7E23F1C7470019A073 = {
			isa = PBXGroup;
			children = (
				EA0AEB8923F1C7470019A073 /* ARKit Game */,
				EA0AEB8823F1C7470019A073 /* Products */,
			);
			sourceTree = "<group>";
		};
		EA0AEB8823F1C7470019A073 /* Products */ = {
			isa = PBXGroup;
			children = (
				EA0AEB8723F1C7470019A073 /* ARKit Game.app */,
			);
			name = Products;
			sourceTree = "<group>";
		};
		EA0AEB8923F1C7470019A073 /* ARKit Game */ = {
			isa = PBXGroup;
			children = (
				EA0AEB8A23F1C7470019A073 /* AppDelegate.swift */,
				EA0AEB8C23F1C7470019A073 /* SceneDelegate.swift */,
				EA0AEB8E23F1C7470019A073 /* ViewController.swift */,
				EA0AEBA323F1D89B0019A073 /* Plane.swift */,
				EA0AEB9623F1C74B0019A073 /* Assets.xcassets */,
				EA0AEBA123F1D8420019A073 /* toy_biplane.usdz */,
				EA0AEB9823F1C74B0019A073 /* LaunchScreen.storyboard */,
				EA0AEB9B23F1C74B0019A073 /* Info.plist */,
				EA0AEB9323F1C7470019A073 /* ARKit_Game.xcdatamodeld */,
			);
			path = "ARKit Game";
			sourceTree = "<group>";
		};
/* End PBXGroup section */

/* Begin PBXNativeTarget section */
		EA0AEB8623F1C7470019A073 /* ARKit Game */ = {
			isa = PBXNativeTarget;
			buildConfigurationList = EA0AEB9E23F1C74B0019A073 /* Build configuration list for PBXNativeTarget "ARKit Game" */;
			buildPhases = (
				EA0AEB8323F1C7470019A073 /* Sources */,
				EA0AEB8423F1C7470019A073 /* Frameworks */,
				EA0AEB8523F1C7470019A073 /* Resources */,
			);
			buildRules = (
			);
			dependencies = (
			);
			name = "ARKit Game";
			productName = "ARKit Game";
			productReference = EA0AEB8723F1C7470019A073 /* ARKit Game.app */;
			productType = "com.apple.product-type.application";
		};
/* End PBXNativeTarget section */

/* Begin PBXProject section */
		EA0AEB7F23F1C7470019A073 /* Project object */ = {
			isa = PBXProject;
			attributes = {
				LastSwiftUpdateCheck = 1130;
				LastUpgradeCheck = 1130;
				ORGANIZATIONNAME = "Nikhil Menon";
				TargetAttributes = {
					EA0AEB8623F1C7470019A073 = {
						CreatedOnToolsVersion = 11.3.1;
					};
				};
			};
			buildConfigurationList = EA0AEB8223F1C7470019A073 /* Build configuration list for PBXProject "ARKit Game" */;
			compatibilityVersion = "Xcode 9.3";
			developmentRegion = en;
			hasScannedForEncodings = 0;
			knownRegions = (
				en,
				Base,
			);
			mainGroup = EA0AEB7E23F1C7470019A073;
			productRefGroup = EA0AEB8823F1C7470019A073 /* Products */;
			projectDirPath = "";
			projectRoot = "";
			targets = (
				EA0AEB8623F1C7470019A073 /* ARKit Game */,
			);
		};
/* End PBXProject section */

/* Begin PBXResourcesBuildPhase section */
		EA0AEB8523F1C7470019A073 /* Resources */ = {
			isa = PBXResourcesBuildPhase;
			buildActionMask = 2147483647;
			files = (
				EA0AEBA223F1D8420019A073 /* toy_biplane.usdz in Resources */,
				EA0AEB9A23F1C74B0019A073 /* LaunchScreen.storyboard in Resources */,
				EA0AEB9723F1C74B0019A073 /* Assets.xcassets in Resources */,
			);
			runOnlyForDeploymentPostprocessing = 0;
		};
/* End PBXResourcesBuildPhase section */

/* Begin PBXSourcesBuildPhase section */
		EA0AEB8323F1C7470019A073 /* Sources */ = {
			isa = PBXSourcesBuildPhase;
			buildActionMask = 2147483647;
			files = (
				EA0AEB8F23F1C7470019A073 /* ViewController.swift in Sources */,
				EA0AEB8B23F1C7470019A073 /* AppDelegate.swift in Sources */,
				EA0AEBA423F1D89B0019A073 /* Plane.swift in Sources */,
				EA0AEB8D23F1C7470019A073 /* SceneDelegate.swift in Sources */,
				EA0AEB9523F1C7470019A073 /* ARKit_Game.xcdatamodeld in Sources */,
			);
			runOnlyForDeploymentPostprocessing = 0;
		};
/* End PBXSourcesBuildPhase section */

/* Begin PBXVariantGroup section */
		EA0AEB9823F1C74B0019A073 /* LaunchScreen.storyboard */ = {
			isa = PBXVariantGroup;
			children = (
				EA0AEB9923F1C74B0019A073 /* Base */,
			);
			name = LaunchScreen.storyboard;
			sourceTree = "<group>";
		};
/* End PBXVariantGroup section */

/* Begin XCBuildConfiguration section */
		EA0AEB9C23F1C74B0019A073 /* Debug */ = {
			isa = XCBuildConfiguration;
			buildSettings = {
				ALWAYS_SEARCH_USER_PATHS = NO;
				CLANG_ANALYZER_NONNULL = YES;
				CLANG_ANALYZER_NUMBER_OBJECT_CONVERSION = YES_AGGRESSIVE;
				CLANG_CXX_LANGUAGE_STANDARD = "gnu++14";
				CLANG_CXX_LIBRARY = "libc++";
				CLANG_ENABLE_MODULES = YES;
				CLANG_ENABLE_OBJC_ARC = YES;
				CLANG_ENABLE_OBJC_WEAK = YES;
				CLANG_WARN_BLOCK_CAPTURE_AUTORELEASING = YES;
				CLANG_WARN_BOOL_CONVERSION = YES;
				CLANG_WARN_COMMA = YES;
				CLANG_WARN_CONSTANT_CONVERSION = YES;
				CLANG_WARN_DEPRECATED_OBJC_IMPLEMENTATIONS = YES;
				CLANG_WARN_DIRECT_OBJC_ISA_USAGE = YES_ERROR;
				CLANG_WARN_DOCUMENTATION_COMMENTS = YES;
				CLANG_WARN_EMPTY_BODY = YES;
				CLANG_WARN_ENUM_CONVERSION = YES;
				CLANG_WARN_INFINITE_RECURSION = YES;
				CLANG_WARN_INT_CONVERSION = YES;
				CLANG_WARN_NON_LITERAL_NULL_CONVERSION = YES;
				CLANG_WARN_OBJC_IMPLICIT_RETAIN_SELF = YES;
				CLANG_WARN_OBJC_LITERAL_CONVERSION = YES;
				CLANG_WARN_OBJC_ROOT_CLASS = YES_ERROR;
				CLANG_WARN_RANGE_LOOP_ANALYSIS = YES;
				CLANG_WARN_STRICT_PROTOTYPES = YES;
				CLANG_WARN_SUSPICIOUS_MOVE = YES;
				CLANG_WARN_UNGUARDED_AVAILABILITY = YES_AGGRESSIVE;
				CLANG_WARN_UNREACHABLE_CODE = YES;
				CLANG_WARN__DUPLICATE_METHOD_MATCH = YES;
				COPY_PHASE_STRIP = NO;
				DEBUG_INFORMATION_FORMAT = dwarf;
				ENABLE_STRICT_OBJC_MSGSEND = YES;
				ENABLE_TESTABILITY = YES;
				GCC_C_LANGUAGE_STANDARD = gnu11;
				GCC_DYNAMIC_NO_PIC = NO;
				GCC_NO_COMMON_BLOCKS = YES;
				GCC_OPTIMIZATION_LEVEL = 0;
				GCC_PREPROCESSOR_DEFINITIONS = (
					"DEBUG=1",
					"$(inherited)",
				);
				GCC_WARN_64_TO_32_BIT_CONVERSION = YES;
				GCC_WARN_ABOUT_RETURN_TYPE = YES_ERROR;
				GCC_WARN_UNDECLARED_SELECTOR = YES;
				GCC_WARN_UNINITIALIZED_AUTOS = YES_AGGRESSIVE;
				GCC_WARN_UNUSED_FUNCTION = YES;
				GCC_WARN_UNUSED_VARIABLE = YES;
				IPHONEOS_DEPLOYMENT_TARGET = 13.2;
				MTL_ENABLE_DEBUG_INFO = INCLUDE_SOURCE;
				MTL_FAST_MATH = YES;
				ONLY_ACTIVE_ARCH = YES;
				SDKROOT = iphoneos;
				SWIFT_ACTIVE_COMPILATION_CONDITIONS = DEBUG;
				SWIFT_OPTIMIZATION_LEVEL = "-Onone";
			};
			name = Debug;
		};
		EA0AEB9D23F1C74B0019A073 /* Release */ = {
			isa = XCBuildConfiguration;
			buildSettings = {
				ALWAYS_SEARCH_USER_PATHS = NO;
				CLANG_ANALYZER_NONNULL = YES;
				CLANG_ANALYZER_NUMBER_OBJECT_CONVERSION = YES_AGGRESSIVE;
				CLANG_CXX_LANGUAGE_STANDARD = "gnu++14";
				CLANG_CXX_LIBRARY = "libc++";
				CLANG_ENABLE_MODULES = YES;
				CLANG_ENABLE_OBJC_ARC = YES;
				CLANG_ENABLE_OBJC_WEAK = YES;
				CLANG_WARN_BLOCK_CAPTURE_AUTORELEASING = YES;
				CLANG_WARN_BOOL_CONVERSION = YES;
				CLANG_WARN_COMMA = YES;
				CLANG_WARN_CONSTANT_CONVERSION = YES;
				CLANG_WARN_DEPRECATED_OBJC_IMPLEMENTATIONS = YES;
				CLANG_WARN_DIRECT_OBJC_ISA_USAGE = YES_ERROR;
				CLANG_WARN_DOCUMENTATION_COMMENTS = YES;
				CLANG_WARN_EMPTY_BODY = YES;
				CLANG_WARN_ENUM_CONVERSION = YES;
				CLANG_WARN_INFINITE_RECURSION = YES;
				CLANG_WARN_INT_CONVERSION = YES;
				CLANG_WARN_NON_LITERAL_NULL_CONVERSION = YES;
				CLANG_WARN_OBJC_IMPLICIT_RETAIN_SELF = YES;
				CLANG_WARN_OBJC_LITERAL_CONVERSION = YES;
				CLANG_WARN_OBJC_ROOT_CLASS = YES_ERROR;
				CLANG_WARN_RANGE_LOOP_ANALYSIS = YES;
				CLANG_WARN_STRICT_PROTOTYPES = YES;
				CLANG_WARN_SUSPICIOUS_MOVE = YES;
				CLANG_WARN_UNGUARDED_AVAILABILITY = YES_AGGRESSIVE;
				CLANG_WARN_UNREACHABLE_CODE = YES;
				CLANG_WARN__DUPLICATE_METHOD_MATCH = YES;
				COPY_PHASE_STRIP = NO;
				DEBUG_INFORMATION_FORMAT = "dwarf-with-dsym";
				ENABLE_NS_ASSERTIONS = NO;
				ENABLE_STRICT_OBJC_MSGSEND = YES;
				GCC_C_LANGUAGE_STANDARD = gnu11;
				GCC_NO_COMMON_BLOCKS = YES;
				GCC_WARN_64_TO_32_BIT_CONVERSION = YES;
				GCC_WARN_ABOUT_RETURN_TYPE = YES_ERROR;
				GCC_WARN_UNDECLARED_SELECTOR = YES;
				GCC_WARN_UNINITIALIZED_AUTOS = YES_AGGRESSIVE;
				GCC_WARN_UNUSED_FUNCTION = YES;
				GCC_WARN_UNUSED_VARIABLE = YES;
				IPHONEOS_DEPLOYMENT_TARGET = 13.2;
				MTL_ENABLE_DEBUG_INFO = NO;
				MTL_FAST_MATH = YES;
				SDKROOT = iphoneos;
				SWIFT_COMPILATION_MODE = wholemodule;
				SWIFT_OPTIMIZATION_LEVEL = "-O";
				VALIDATE_PRODUCT = YES;
			};
			name = Release;
		};
		EA0AEB9F23F1C74B0019A073 /* Debug */ = {
			isa = XCBuildConfiguration;
			buildSettings = {
				ASSETCATALOG_COMPILER_APPICON_NAME = AppIcon;
				CODE_SIGN_STYLE = Automatic;
				DEVELOPMENT_TEAM = J752DSQ49Q;
				INFOPLIST_FILE = "ARKit Game/Info.plist";
				LD_RUNPATH_SEARCH_PATHS = (
					"$(inherited)",
					"@executable_path/Frameworks",
				);
				PRODUCT_BUNDLE_IDENTIFIER = "Menonn0228.ARKit-Game";
				PRODUCT_NAME = "$(TARGET_NAME)";
				SWIFT_VERSION = 5.0;
				TARGETED_DEVICE_FAMILY = "1,2";
			};
			name = Debug;
		};
		EA0AEBA023F1C74B0019A073 /* Release */ = {
			isa = XCBuildConfiguration;
			buildSettings = {
				ASSETCATALOG_COMPILER_APPICON_NAME = AppIcon;
				CODE_SIGN_STYLE = Automatic;
				DEVELOPMENT_TEAM = J752DSQ49Q;
				INFOPLIST_FILE = "ARKit Game/Info.plist";
				LD_RUNPATH_SEARCH_PATHS = (
					"$(inherited)",
					"@executable_path/Frameworks",
				);
				PRODUCT_BUNDLE_IDENTIFIER = "Menonn0228.ARKit-Game";
				PRODUCT_NAME = "$(TARGET_NAME)";
				SWIFT_VERSION = 5.0;
				TARGETED_DEVICE_FAMILY = "1,2";
			};
			name = Release;
		};
/* End XCBuildConfiguration section */

/* Begin XCConfigurationList section */
		EA0AEB8223F1C7470019A073 /* Build configuration list for PBXProject "ARKit Game" */ = {
			isa = XCConfigurationList;
			buildConfigurations = (
				EA0AEB9C23F1C74B0019A073 /* Debug */,
				EA0AEB9D23F1C74B0019A073 /* Release */,
			);
			defaultConfigurationIsVisible = 0;
			defaultConfigurationName = Release;
		};
		EA0AEB9E23F1C74B0019A073 /* Build configuration list for PBXNativeTarget "ARKit Game" */ = {
			isa = XCConfigurationList;
			buildConfigurations = (
				EA0AEB9F23F1C74B0019A073 /* Debug */,
				EA0AEBA023F1C74B0019A073 /* Release */,
			);
			defaultConfigurationIsVisible = 0;
			defaultConfigurationName = Release;
		};
/* End XCConfigurationList section */

/* Begin XCVersionGroup section */
		EA0AEB9323F1C7470019A073 /* ARKit_Game.xcdatamodeld */ = {
			isa = XCVersionGroup;
			children = (
				EA0AEB9423F1C7470019A073 /* ARKit_Game.xcdatamodel */,
			);
			currentVersion = EA0AEB9423F1C7470019A073 /* ARKit_Game.xcdatamodel */;
			path = ARKit_Game.xcdatamodeld;
			sourceTree = "<group>";
			versionGroupType = wrapper.xcdatamodel;
		};
/* End XCVersionGroup section */
	};
	rootObject = EA0AEB7F23F1C7470019A073 /* Project object */;
}
